<Solution>
  <Folder Name="/src/">
    <Project Path="src/AiCapex.Api/AiCapex.Api.csproj" />
    <Project Path="src/AiCapex.Application/AiCapex.Application.csproj" />
    <Project Path="src/AiCapex.Domain/AiCapex.Domain.csproj" />
    <Project Path="src/AiCapex.Infrastructure/AiCapex.Infrastructure.csproj" />
  </Folder>
  <Folder Name="/tests/">
    <Project Path="tests/AiCapex.Application.Tests/AiCapex.Application.Tests.csproj" />
  </Folder>
</Solution>
